
Microsoft Visual Studio Solution File, Format Version 12.00
# Visual Studio 15
VisualStudioVersion = 15.0.26730.8
MinimumVisualStudioVersion = 10.0.40219.1
Project("{FAE04EC0-301F-11D3-BF4B-00C04F79EFBC}") = "HashLab", "HashLab\HashLab.csproj", "{F94B3E45-1D1A-4F5C-9EB9-1397A5A61567}"
EndProject
Global
	GlobalSection(SolutionConfigurationPlatforms) = preSolution
		Debug|Any CPU = Debug|Any CPU
		Release|Any CPU = Release|Any CPU
	EndGlobalSection
	GlobalSection(ProjectConfigurationPlatforms) = postSolution
		{F94B3E45-1D1A-4F5C-9EB9-1397A5A61567}.Debug|Any CPU.ActiveCfg = Debug|Any CPU
		{F94B3E45-1D1A-4F5C-9EB9-1397A5A61567}.Debug|Any CPU.Build.0 = Debug|Any CPU
		{F94B3E45-1D1A-4F5C-9EB9-1397A5A61567}.Release|Any CPU.ActiveCfg = Release|Any CPU
		{F94B3E45-1D1A-4F5C-9EB9-1397A5A61567}.Release|Any CPU.Build.0 = Release|Any CPU
	EndGlobalSection
	GlobalSection(SolutionProperties) = preSolution
		HideSolutionNode = FALSE
	EndGlobalSection
	GlobalSection(ExtensibilityGlobals) = postSolution
		SolutionGuid = {126CC025-164E-40D3-9BF1-F30208B63456}
	EndGlobalSection
EndGlobal
